// !$*UTF8*$!
{
	archiveVersion = 1;
	classes = {
	};
	objectVersion = 50;
	objects = {

/* Begin PBXBuildFile section */
		671819B6255A9B8600D8A3BE /* SignUpController.swift in Sources */ = {isa = PBXBuildFile; fileRef = 671819B5255A9B8600D8A3BE /* SignUpController.swift */; };
		67DC8A812559EC5800545F39 /* AppDelegate.swift in Sources */ = {isa = PBXBuildFile; fileRef = 67DC8A802559EC5800545F39 /* AppDelegate.swift */; };
		67DC8A832559EC5800545F39 /* SceneDelegate.swift in Sources */ = {isa = PBXBuildFile; fileRef = 67DC8A822559EC5800545F39 /* SceneDelegate.swift */; };
		67DC8A852559EC5800545F39 /* LoginController.swift in Sources */ = {isa = PBXBuildFile; fileRef = 67DC8A842559EC5800545F39 /* LoginController.swift */; };
		67DC8A8A2559EC6300545F39 /* Assets.xcassets in Resources */ = {isa = PBXBuildFile; fileRef = 67DC8A892559EC6300545F39 /* Assets.xcassets */; };
		67DC8A8D2559EC6300545F39 /* LaunchScreen.storyboard in Resources */ = {isa = PBXBuildFile; fileRef = 67DC8A8B2559EC6300545F39 /* LaunchScreen.storyboard */; };
		67DC8A952559ED2000545F39 /* .gitignore in Resources */ = {isa = PBXBuildFile; fileRef = 67DC8A942559ED2000545F39 /* .gitignore */; };
		67DC8A992559F14900545F39 /* Extensions.swift in Sources */ = {isa = PBXBuildFile; fileRef = 67DC8A982559F14900545F39 /* Extensions.swift */; };
		67DC8AA42559FAEF00545F39 /* BaseLoginTextField.swift in Sources */ = {isa = PBXBuildFile; fileRef = 67DC8AA32559FAEF00545F39 /* BaseLoginTextField.swift */; };
		67DC8AA72559FFA600545F39 /* Colors.swift in Sources */ = {isa = PBXBuildFile; fileRef = 67DC8AA62559FFA600545F39 /* Colors.swift */; };
		67DC8AA9255A061600545F39 /* Style.swift in Sources */ = {isa = PBXBuildFile; fileRef = 67DC8AA8255A061600545F39 /* Style.swift */; };
/* End PBXBuildFile section */

/* Begin PBXFileReference section */
		671819B5255A9B8600D8A3BE /* SignUpController.swift */ = {isa = PBXFileReference; lastKnownFileType = sourcecode.swift; path = SignUpController.swift; sourceTree = "<group>"; };
		67DC8A7D2559EC5800545F39 /* vlsuv-todo.app */ = {isa = PBXFileReference; explicitFileType = wrapper.application; includeInIndex = 0; path = "vlsuv-todo.app"; sourceTree = BUILT_PRODUCTS_DIR; };
		67DC8A802559EC5800545F39 /* AppDelegate.swift */ = {isa = PBXFileReference; lastKnownFileType = sourcecode.swift; path = AppDelegate.swift; sourceTree = "<group>"; };
		67DC8A822559EC5800545F39 /* SceneDelegate.swift */ = {isa = PBXFileReference; lastKnownFileType = sourcecode.swift; path = SceneDelegate.swift; sourceTree = "<group>"; };
		67DC8A842559EC5800545F39 /* LoginController.swift */ = {isa = PBXFileReference; lastKnownFileType = sourcecode.swift; path = LoginController.swift; sourceTree = "<group>"; };
		67DC8A892559EC6300545F39 /* Assets.xcassets */ = {isa = PBXFileReference; lastKnownFileType = folder.assetcatalog; path = Assets.xcassets; sourceTree = "<group>"; };
		67DC8A8C2559EC6300545F39 /* Base */ = {isa = PBXFileReference; lastKnownFileType = file.storyboard; name = Base; path = Base.lproj/LaunchScreen.storyboard; sourceTree = "<group>"; };
		67DC8A8E2559EC6300545F39 /* Info.plist */ = {isa = PBXFileReference; lastKnownFileType = text.plist.xml; path = Info.plist; sourceTree = "<group>"; };
		67DC8A942559ED2000545F39 /* .gitignore */ = {isa = PBXFileReference; lastKnownFileType = text; path = .gitignore; sourceTree = "<group>"; };
		67DC8A982559F14900545F39 /* Extensions.swift */ = {isa = PBXFileReference; lastKnownFileType = sourcecode.swift; path = Extensions.swift; sourceTree = "<group>"; };
		67DC8AA32559FAEF00545F39 /* BaseLoginTextField.swift */ = {isa = PBXFileReference; lastKnownFileType = sourcecode.swift; path = BaseLoginTextField.swift; sourceTree = "<group>"; };
		67DC8AA62559FFA600545F39 /* Colors.swift */ = {isa = PBXFileReference; lastKnownFileType = sourcecode.swift; path = Colors.swift; sourceTree = "<group>"; };
		67DC8AA8255A061600545F39 /* Style.swift */ = {isa = PBXFileReference; lastKnownFileType = sourcecode.swift; path = Style.swift; sourceTree = "<group>"; };
/* End PBXFileReference section */

/* Begin PBXFrameworksBuildPhase section */
		67DC8A7A2559EC5800545F39 /* Frameworks */ = {
			isa = PBXFrameworksBuildPhase;
			buildActionMask = 2147483647;
			files = (
			);
			runOnlyForDeploymentPostprocessing = 0;
		};
/* End PBXFrameworksBuildPhase section */

/* Begin PBXGroup section */
		67DC8A742559EC5800545F39 = {
			isa = PBXGroup;
			children = (
				67DC8A942559ED2000545F39 /* .gitignore */,
				67DC8A7F2559EC5800545F39 /* vlsuv-todo */,
				67DC8A7E2559EC5800545F39 /* Products */,
			);
			sourceTree = "<group>";
		};
		67DC8A7E2559EC5800545F39 /* Products */ = {
			isa = PBXGroup;
			children = (
				67DC8A7D2559EC5800545F39 /* vlsuv-todo.app */,
			);
			name = Products;
			sourceTree = "<group>";
		};
		67DC8A7F2559EC5800545F39 /* vlsuv-todo */ = {
			isa = PBXGroup;
			children = (
				67DC8A9D2559F9BB00545F39 /* Application */,
				67DC8A9A2559F52800545F39 /* Login */,
				67DC8A972559F13500545F39 /* Utils */,
				67DC8A962559EF4600545F39 /* Supporting Files */,
			);
			path = "vlsuv-todo";
			sourceTree = "<group>";
		};
		67DC8A962559EF4600545F39 /* Supporting Files */ = {
			isa = PBXGroup;
			children = (
				67DC8A892559EC6300545F39 /* Assets.xcassets */,
				67DC8A8E2559EC6300545F39 /* Info.plist */,
			);
			path = "Supporting Files";
			sourceTree = "<group>";
		};
		67DC8A972559F13500545F39 /* Utils */ = {
			isa = PBXGroup;
			children = (
				67DC8A982559F14900545F39 /* Extensions.swift */,
				67DC8AA52559FF9500545F39 /* Data */,
			);
			path = Utils;
			sourceTree = "<group>";
		};
		67DC8A9A2559F52800545F39 /* Login */ = {
			isa = PBXGroup;
			children = (
				67DC8A9B2559F5B100545F39 /* Controller */,
				67DC8AA22559FA9C00545F39 /* View */,
			);
			path = Login;
			sourceTree = "<group>";
		};
		67DC8A9B2559F5B100545F39 /* Controller */ = {
			isa = PBXGroup;
			children = (
				67DC8A842559EC5800545F39 /* LoginController.swift */,
				671819B5255A9B8600D8A3BE /* SignUpController.swift */,
			);
			path = Controller;
			sourceTree = "<group>";
		};
		67DC8A9D2559F9BB00545F39 /* Application */ = {
			isa = PBXGroup;
			children = (
				67DC8A9F2559F9D000545F39 /* View */,
				67DC8A9E2559F9C700545F39 /* Controller */,
			);
			path = Application;
			sourceTree = "<group>";
		};
		67DC8A9E2559F9C700545F39 /* Controller */ = {
			isa = PBXGroup;
			children = (
				67DC8A802559EC5800545F39 /* AppDelegate.swift */,
				67DC8A822559EC5800545F39 /* SceneDelegate.swift */,
			);
			path = Controller;
			sourceTree = "<group>";
		};
		67DC8A9F2559F9D000545F39 /* View */ = {
			isa = PBXGroup;
			children = (
				67DC8A8B2559EC6300545F39 /* LaunchScreen.storyboard */,
			);
			path = View;
			sourceTree = "<group>";
		};
		67DC8AA22559FA9C00545F39 /* View */ = {
			isa = PBXGroup;
			children = (
				67DC8AA32559FAEF00545F39 /* BaseLoginTextField.swift */,
			);
			path = View;
			sourceTree = "<group>";
		};
		67DC8AA52559FF9500545F39 /* Data */ = {
			isa = PBXGroup;
			children = (
				67DC8AA62559FFA600545F39 /* Colors.swift */,
				67DC8AA8255A061600545F39 /* Style.swift */,
			);
			path = Data;
			sourceTree = "<group>";
		};
/* End PBXGroup section */

/* Begin PBXNativeTarget section */
		67DC8A7C2559EC5800545F39 /* vlsuv-todo */ = {
			isa = PBXNativeTarget;
			buildConfigurationList = 67DC8A912559EC6300545F39 /* Build configuration list for PBXNativeTarget "vlsuv-todo" */;
			buildPhases = (
				67DC8A792559EC5800545F39 /* Sources */,
				67DC8A7A2559EC5800545F39 /* Frameworks */,
				67DC8A7B2559EC5800545F39 /* Resources */,
			);
			buildRules = (
			);
			dependencies = (
			);
			name = "vlsuv-todo";
			productName = "vlsuv-todo";
			productReference = 67DC8A7D2559EC5800545F39 /* vlsuv-todo.app */;
			productType = "com.apple.product-type.application";
		};
/* End PBXNativeTarget section */

/* Begin PBXProject section */
		67DC8A752559EC5800545F39 /* Project object */ = {
			isa = PBXProject;
			attributes = {
				LastSwiftUpdateCheck = 1150;
				LastUpgradeCheck = 1150;
				ORGANIZATIONNAME = vlsuv;
				TargetAttributes = {
					67DC8A7C2559EC5800545F39 = {
						CreatedOnToolsVersion = 11.5;
					};
				};
			};
			buildConfigurationList = 67DC8A782559EC5800545F39 /* Build configuration list for PBXProject "vlsuv-todo" */;
			compatibilityVersion = "Xcode 9.3";
			developmentRegion = en;
			hasScannedForEncodings = 0;
			knownRegions = (
				en,
				Base,
			);
			mainGroup = 67DC8A742559EC5800545F39;
			productRefGroup = 67DC8A7E2559EC5800545F39 /* Products */;
			projectDirPath = "";
			projectRoot = "";
			targets = (
				67DC8A7C2559EC5800545F39 /* vlsuv-todo */,
			);
		};
/* End PBXProject section */

/* Begin PBXResourcesBuildPhase section */
		67DC8A7B2559EC5800545F39 /* Resources */ = {
			isa = PBXResourcesBuildPhase;
			buildActionMask = 2147483647;
			files = (
				67DC8A952559ED2000545F39 /* .gitignore in Resources */,
				67DC8A8D2559EC6300545F39 /* LaunchScreen.storyboard in Resources */,
				67DC8A8A2559EC6300545F39 /* Assets.xcassets in Resources */,
			);
			runOnlyForDeploymentPostprocessing = 0;
		};
/* End PBXResourcesBuildPhase section */

/* Begin PBXSourcesBuildPhase section */
		67DC8A792559EC5800545F39 /* Sources */ = {
			isa = PBXSourcesBuildPhase;
			buildActionMask = 2147483647;
			files = (
				67DC8A852559EC5800545F39 /* LoginController.swift in Sources */,
				67DC8AA72559FFA600545F39 /* Colors.swift in Sources */,
				67DC8AA42559FAEF00545F39 /* BaseLoginTextField.swift in Sources */,
				671819B6255A9B8600D8A3BE /* SignUpController.swift in Sources */,
				67DC8A812559EC5800545F39 /* AppDelegate.swift in Sources */,
				67DC8A832559EC5800545F39 /* SceneDelegate.swift in Sources */,
				67DC8AA9255A061600545F39 /* Style.swift in Sources */,
				67DC8A992559F14900545F39 /* Extensions.swift in Sources */,
			);
			runOnlyForDeploymentPostprocessing = 0;
		};
/* End PBXSourcesBuildPhase section */

/* Begin PBXVariantGroup section */
		67DC8A8B2559EC6300545F39 /* LaunchScreen.storyboard */ = {
			isa = PBXVariantGroup;
			children = (
				67DC8A8C2559EC6300545F39 /* Base */,
			);
			name = LaunchScreen.storyboard;
			sourceTree = "<group>";
		};
/* End PBXVariantGroup section */

/* Begin XCBuildConfiguration section */
		67DC8A8F2559EC6300545F39 /* Debug */ = {
			isa = XCBuildConfiguration;
			buildSettings = {
				ALWAYS_SEARCH_USER_PATHS = NO;
				CLANG_ANALYZER_NONNULL = YES;
				CLANG_ANALYZER_NUMBER_OBJECT_CONVERSION = YES_AGGRESSIVE;
				CLANG_CXX_LANGUAGE_STANDARD = "gnu++14";
				CLANG_CXX_LIBRARY = "libc++";
				CLANG_ENABLE_MODULES = YES;
				CLANG_ENABLE_OBJC_ARC = YES;
				CLANG_ENABLE_OBJC_WEAK = YES;
				CLANG_WARN_BLOCK_CAPTURE_AUTORELEASING = YES;
				CLANG_WARN_BOOL_CONVERSION = YES;
				CLANG_WARN_COMMA = YES;
				CLANG_WARN_CONSTANT_CONVERSION = YES;
				CLANG_WARN_DEPRECATED_OBJC_IMPLEMENTATIONS = YES;
				CLANG_WARN_DIRECT_OBJC_ISA_USAGE = YES_ERROR;
				CLANG_WARN_DOCUMENTATION_COMMENTS = YES;
				CLANG_WARN_EMPTY_BODY = YES;
				CLANG_WARN_ENUM_CONVERSION = YES;
				CLANG_WARN_INFINITE_RECURSION = YES;
				CLANG_WARN_INT_CONVERSION = YES;
				CLANG_WARN_NON_LITERAL_NULL_CONVERSION = YES;
				CLANG_WARN_OBJC_IMPLICIT_RETAIN_SELF = YES;
				CLANG_WARN_OBJC_LITERAL_CONVERSION = YES;
				CLANG_WARN_OBJC_ROOT_CLASS = YES_ERROR;
				CLANG_WARN_RANGE_LOOP_ANALYSIS = YES;
				CLANG_WARN_STRICT_PROTOTYPES = YES;
				CLANG_WARN_SUSPICIOUS_MOVE = YES;
				CLANG_WARN_UNGUARDED_AVAILABILITY = YES_AGGRESSIVE;
				CLANG_WARN_UNREACHABLE_CODE = YES;
				CLANG_WARN__DUPLICATE_METHOD_MATCH = YES;
				COPY_PHASE_STRIP = NO;
				DEBUG_INFORMATION_FORMAT = dwarf;
				ENABLE_STRICT_OBJC_MSGSEND = YES;
				ENABLE_TESTABILITY = YES;
				GCC_C_LANGUAGE_STANDARD = gnu11;
				GCC_DYNAMIC_NO_PIC = NO;
				GCC_NO_COMMON_BLOCKS = YES;
				GCC_OPTIMIZATION_LEVEL = 0;
				GCC_PREPROCESSOR_DEFINITIONS = (
					"DEBUG=1",
					"$(inherited)",
				);
				GCC_WARN_64_TO_32_BIT_CONVERSION = YES;
				GCC_WARN_ABOUT_RETURN_TYPE = YES_ERROR;
				GCC_WARN_UNDECLARED_SELECTOR = YES;
				GCC_WARN_UNINITIALIZED_AUTOS = YES_AGGRESSIVE;
				GCC_WARN_UNUSED_FUNCTION = YES;
				GCC_WARN_UNUSED_VARIABLE = YES;
				IPHONEOS_DEPLOYMENT_TARGET = 13.5;
				MTL_ENABLE_DEBUG_INFO = INCLUDE_SOURCE;
				MTL_FAST_MATH = YES;
				ONLY_ACTIVE_ARCH = YES;
				SDKROOT = iphoneos;
				SWIFT_ACTIVE_COMPILATION_CONDITIONS = DEBUG;
				SWIFT_OPTIMIZATION_LEVEL = "-Onone";
			};
			name = Debug;
		};
		67DC8A902559EC6300545F39 /* Release */ = {
			isa = XCBuildConfiguration;
			buildSettings = {
				ALWAYS_SEARCH_USER_PATHS = NO;
				CLANG_ANALYZER_NONNULL = YES;
				CLANG_ANALYZER_NUMBER_OBJECT_CONVERSION = YES_AGGRESSIVE;
				CLANG_CXX_LANGUAGE_STANDARD = "gnu++14";
				CLANG_CXX_LIBRARY = "libc++";
				CLANG_ENABLE_MODULES = YES;
				CLANG_ENABLE_OBJC_ARC = YES;
				CLANG_ENABLE_OBJC_WEAK = YES;
				CLANG_WARN_BLOCK_CAPTURE_AUTORELEASING = YES;
				CLANG_WARN_BOOL_CONVERSION = YES;
				CLANG_WARN_COMMA = YES;
				CLANG_WARN_CONSTANT_CONVERSION = YES;
				CLANG_WARN_DEPRECATED_OBJC_IMPLEMENTATIONS = YES;
				CLANG_WARN_DIRECT_OBJC_ISA_USAGE = YES_ERROR;
				CLANG_WARN_DOCUMENTATION_COMMENTS = YES;
				CLANG_WARN_EMPTY_BODY = YES;
				CLANG_WARN_ENUM_CONVERSION = YES;
				CLANG_WARN_INFINITE_RECURSION = YES;
				CLANG_WARN_INT_CONVERSION = YES;
				CLANG_WARN_NON_LITERAL_NULL_CONVERSION = YES;
				CLANG_WARN_OBJC_IMPLICIT_RETAIN_SELF = YES;
				CLANG_WARN_OBJC_LITERAL_CONVERSION = YES;
				CLANG_WARN_OBJC_ROOT_CLASS = YES_ERROR;
				CLANG_WARN_RANGE_LOOP_ANALYSIS = YES;
				CLANG_WARN_STRICT_PROTOTYPES = YES;
				CLANG_WARN_SUSPICIOUS_MOVE = YES;
				CLANG_WARN_UNGUARDED_AVAILABILITY = YES_AGGRESSIVE;
				CLANG_WARN_UNREACHABLE_CODE = YES;
				CLANG_WARN__DUPLICATE_METHOD_MATCH = YES;
				COPY_PHASE_STRIP = NO;
				DEBUG_INFORMATION_FORMAT = "dwarf-with-dsym";
				ENABLE_NS_ASSERTIONS = NO;
				ENABLE_STRICT_OBJC_MSGSEND = YES;
				GCC_C_LANGUAGE_STANDARD = gnu11;
				GCC_NO_COMMON_BLOCKS = YES;
				GCC_WARN_64_TO_32_BIT_CONVERSION = YES;
				GCC_WARN_ABOUT_RETURN_TYPE = YES_ERROR;
				GCC_WARN_UNDECLARED_SELECTOR = YES;
				GCC_WARN_UNINITIALIZED_AUTOS = YES_AGGRESSIVE;
				GCC_WARN_UNUSED_FUNCTION = YES;
				GCC_WARN_UNUSED_VARIABLE = YES;
				IPHONEOS_DEPLOYMENT_TARGET = 13.5;
				MTL_ENABLE_DEBUG_INFO = NO;
				MTL_FAST_MATH = YES;
				SDKROOT = iphoneos;
				SWIFT_COMPILATION_MODE = wholemodule;
				SWIFT_OPTIMIZATION_LEVEL = "-O";
				VALIDATE_PRODUCT = YES;
			};
			name = Release;
		};
		67DC8A922559EC6300545F39 /* Debug */ = {
			isa = XCBuildConfiguration;
			buildSettings = {
				ASSETCATALOG_COMPILER_APPICON_NAME = AppIcon;
				CODE_SIGN_STYLE = Automatic;
				INFOPLIST_FILE = "vlsuv-todo/Supporting Files/Info.plist";
				LD_RUNPATH_SEARCH_PATHS = (
					"$(inherited)",
					"@executable_path/Frameworks",
				);
				PRODUCT_BUNDLE_IDENTIFIER = "com.vlsuv-todo";
				PRODUCT_NAME = "$(TARGET_NAME)";
				SWIFT_VERSION = 5.0;
				TARGETED_DEVICE_FAMILY = 1;
			};
			name = Debug;
		};
		67DC8A932559EC6300545F39 /* Release */ = {
			isa = XCBuildConfiguration;
			buildSettings = {
				ASSETCATALOG_COMPILER_APPICON_NAME = AppIcon;
				CODE_SIGN_STYLE = Automatic;
				INFOPLIST_FILE = "vlsuv-todo/Supporting Files/Info.plist";
				LD_RUNPATH_SEARCH_PATHS = (
					"$(inherited)",
					"@executable_path/Frameworks",
				);
				PRODUCT_BUNDLE_IDENTIFIER = "com.vlsuv-todo";
				PRODUCT_NAME = "$(TARGET_NAME)";
				SWIFT_VERSION = 5.0;
				TARGETED_DEVICE_FAMILY = 1;
			};
			name = Release;
		};
/* End XCBuildConfiguration section */

/* Begin XCConfigurationList section */
		67DC8A782559EC5800545F39 /* Build configuration list for PBXProject "vlsuv-todo" */ = {
			isa = XCConfigurationList;
			buildConfigurations = (
				67DC8A8F2559EC6300545F39 /* Debug */,
				67DC8A902559EC6300545F39 /* Release */,
			);
			defaultConfigurationIsVisible = 0;
			defaultConfigurationName = Release;
		};
		67DC8A912559EC6300545F39 /* Build configuration list for PBXNativeTarget "vlsuv-todo" */ = {
			isa = XCConfigurationList;
			buildConfigurations = (
				67DC8A922559EC6300545F39 /* Debug */,
				67DC8A932559EC6300545F39 /* Release */,
			);
			defaultConfigurationIsVisible = 0;
			defaultConfigurationName = Release;
		};
/* End XCConfigurationList section */
	};
	rootObject = 67DC8A752559EC5800545F39 /* Project object */;
}
